// !$*UTF8*$!
{
	archiveVersion = 1;
	classes = {
	};
	objectVersion = 52;
	objects = {

/* Begin PBXBuildFile section */
		CD248D8F26136E4200108523 /* GenrePickerView.swift in Sources */ = {isa = PBXBuildFile; fileRef = CD248D8E26136E4200108523 /* GenrePickerView.swift */; };
		CD248D962613888300108523 /* NavigationRouter.swift in Sources */ = {isa = PBXBuildFile; fileRef = CD248D952613888300108523 /* NavigationRouter.swift */; };
		CD248D9D2613BBF600108523 /* SoundPlayerScreen.swift in Sources */ = {isa = PBXBuildFile; fileRef = CD248D9C2613BBF600108523 /* SoundPlayerScreen.swift */; };
		CD42D05B263C94A8002E3727 /* ServicesLocator.swift in Sources */ = {isa = PBXBuildFile; fileRef = CD42D05A263C94A8002E3727 /* ServicesLocator.swift */; };
		CD42D05F263C9C5C002E3727 /* Exception.swift in Sources */ = {isa = PBXBuildFile; fileRef = CD42D05E263C9C5C002E3727 /* Exception.swift */; };
		CD67EF47260E443F0089709E /* Models.swift in Sources */ = {isa = PBXBuildFile; fileRef = CD67EF38260E443F0089709E /* Models.swift */; };
		CD67EF48260E443F0089709E /* APIHelper.swift in Sources */ = {isa = PBXBuildFile; fileRef = CD67EF39260E443F0089709E /* APIHelper.swift */; };
		CD67EF49260E443F0089709E /* JSONEncodingHelper.swift in Sources */ = {isa = PBXBuildFile; fileRef = CD67EF3A260E443F0089709E /* JSONEncodingHelper.swift */; };
		CD67EF4A260E443F0089709E /* ActualSoundAPI.swift in Sources */ = {isa = PBXBuildFile; fileRef = CD67EF3C260E443F0089709E /* ActualSoundAPI.swift */; };
		CD67EF4B260E443F0089709E /* ActualSearchAPI.swift in Sources */ = {isa = PBXBuildFile; fileRef = CD67EF3D260E443F0089709E /* ActualSearchAPI.swift */; };
		CD67EF4C260E443F0089709E /* JSONValue.swift in Sources */ = {isa = PBXBuildFile; fileRef = CD67EF3E260E443F0089709E /* JSONValue.swift */; };
		CD67EF4D260E443F0089709E /* Sound.swift in Sources */ = {isa = PBXBuildFile; fileRef = CD67EF40260E443F0089709E /* Sound.swift */; };
		CD67EF4E260E443F0089709E /* CodableHelper.swift in Sources */ = {isa = PBXBuildFile; fileRef = CD67EF41260E443F0089709E /* CodableHelper.swift */; };
		CD67EF4F260E443F0089709E /* Extensions.swift in Sources */ = {isa = PBXBuildFile; fileRef = CD67EF42260E443F0089709E /* Extensions.swift */; };
		CD67EF50260E443F0089709E /* Configuration.swift in Sources */ = {isa = PBXBuildFile; fileRef = CD67EF43260E443F0089709E /* Configuration.swift */; };
		CD67EF51260E443F0089709E /* APIs.swift in Sources */ = {isa = PBXBuildFile; fileRef = CD67EF44260E443F0089709E /* APIs.swift */; };
		CD67EF52260E443F0089709E /* AlamofireImplementations.swift in Sources */ = {isa = PBXBuildFile; fileRef = CD67EF45260E443F0089709E /* AlamofireImplementations.swift */; };
		CD67EF53260E443F0089709E /* JSONEncodableEncoding.swift in Sources */ = {isa = PBXBuildFile; fileRef = CD67EF46260E443F0089709E /* JSONEncodableEncoding.swift */; };
		CD67EF5D260E47AB0089709E /* Alamofire in Frameworks */ = {isa = PBXBuildFile; productRef = CD67EF5C260E47AB0089709E /* Alamofire */; };
		CD98918D2643093A00AFF747 /* SoundApi.swift in Sources */ = {isa = PBXBuildFile; fileRef = CD98918C2643093A00AFF747 /* SoundApi.swift */; };
		CD9891902643094C00AFF747 /* SearchApi.swift in Sources */ = {isa = PBXBuildFile; fileRef = CD98918F2643094C00AFF747 /* SearchApi.swift */; };
		CD9C7192260E33F200444519 /* Homework_02App.swift in Sources */ = {isa = PBXBuildFile; fileRef = CD9C7191260E33F200444519 /* Homework_02App.swift */; };
		CD9C7194260E33F200444519 /* RootView.swift in Sources */ = {isa = PBXBuildFile; fileRef = CD9C7193260E33F200444519 /* RootView.swift */; };
		CD9C7196260E33F500444519 /* Assets.xcassets in Resources */ = {isa = PBXBuildFile; fileRef = CD9C7195260E33F500444519 /* Assets.xcassets */; };
		CD9C7199260E33F500444519 /* Preview Assets.xcassets in Resources */ = {isa = PBXBuildFile; fileRef = CD9C7198260E33F500444519 /* Preview Assets.xcassets */; };
		CDBF2C8A2643101C00CB4088 /* SoundPreviewRoutingSheet.swift in Sources */ = {isa = PBXBuildFile; fileRef = CDBF2C892643101C00CB4088 /* SoundPreviewRoutingSheet.swift */; };
		CDBF2C922643168F00CB4088 /* SoundPreview.swift in Sources */ = {isa = PBXBuildFile; fileRef = CDBF2C912643168F00CB4088 /* SoundPreview.swift */; };
		CDC7F2C1261208C1006D0B45 /* SoundListViewModel.swift in Sources */ = {isa = PBXBuildFile; fileRef = CDC7F2C0261208C1006D0B45 /* SoundListViewModel.swift */; };
		CDC7F2C4261209B8006D0B45 /* SoundListView.swift in Sources */ = {isa = PBXBuildFile; fileRef = CDC7F2C3261209B8006D0B45 /* SoundListView.swift */; };
		CDC7F2C826120AB7006D0B45 /* SoundListScreen.swift in Sources */ = {isa = PBXBuildFile; fileRef = CDC7F2C726120AB7006D0B45 /* SoundListScreen.swift */; };
		CDC7F2D6261214C8006D0B45 /* Entities.swift in Sources */ = {isa = PBXBuildFile; fileRef = CDC7F2D026120F43006D0B45 /* Entities.swift */; };
		CDC7F2DE26121D7F006D0B45 /* RandomAccessCollection.swift in Sources */ = {isa = PBXBuildFile; fileRef = CDC7F2DD26121D7F006D0B45 /* RandomAccessCollection.swift */; };
		CDC7F2E426126A81006D0B45 /* ActivityIndicatorView.swift in Sources */ = {isa = PBXBuildFile; fileRef = CDC7F2E326126A81006D0B45 /* ActivityIndicatorView.swift */; };
		CDC7F2E826126B2A006D0B45 /* SoundPreviewScreen.swift in Sources */ = {isa = PBXBuildFile; fileRef = CDC7F2E726126B2A006D0B45 /* SoundPreviewScreen.swift */; };
		CDC7F2EB26126E79006D0B45 /* SoundPreviewViewModel.swift in Sources */ = {isa = PBXBuildFile; fileRef = CDC7F2EA26126E79006D0B45 /* SoundPreviewViewModel.swift */; };
/* End PBXBuildFile section */

/* Begin PBXFileReference section */
		CD248D8E26136E4200108523 /* GenrePickerView.swift */ = {isa = PBXFileReference; lastKnownFileType = sourcecode.swift; path = GenrePickerView.swift; sourceTree = "<group>"; };
		CD248D952613888300108523 /* NavigationRouter.swift */ = {isa = PBXFileReference; lastKnownFileType = sourcecode.swift; path = NavigationRouter.swift; sourceTree = "<group>"; };
		CD248D9C2613BBF600108523 /* SoundPlayerScreen.swift */ = {isa = PBXFileReference; lastKnownFileType = sourcecode.swift; path = SoundPlayerScreen.swift; sourceTree = "<group>"; };
		CD42D05A263C94A8002E3727 /* ServicesLocator.swift */ = {isa = PBXFileReference; lastKnownFileType = sourcecode.swift; path = ServicesLocator.swift; sourceTree = "<group>"; };
		CD42D05E263C9C5C002E3727 /* Exception.swift */ = {isa = PBXFileReference; lastKnownFileType = sourcecode.swift; path = Exception.swift; sourceTree = "<group>"; };
		CD67EF38260E443F0089709E /* Models.swift */ = {isa = PBXFileReference; fileEncoding = 4; lastKnownFileType = sourcecode.swift; path = Models.swift; sourceTree = "<group>"; };
		CD67EF39260E443F0089709E /* APIHelper.swift */ = {isa = PBXFileReference; fileEncoding = 4; lastKnownFileType = sourcecode.swift; path = APIHelper.swift; sourceTree = "<group>"; };
		CD67EF3A260E443F0089709E /* JSONEncodingHelper.swift */ = {isa = PBXFileReference; fileEncoding = 4; lastKnownFileType = sourcecode.swift; path = JSONEncodingHelper.swift; sourceTree = "<group>"; };
		CD67EF3C260E443F0089709E /* ActualSoundAPI.swift */ = {isa = PBXFileReference; fileEncoding = 4; lastKnownFileType = sourcecode.swift; path = ActualSoundAPI.swift; sourceTree = "<group>"; };
		CD67EF3D260E443F0089709E /* ActualSearchAPI.swift */ = {isa = PBXFileReference; fileEncoding = 4; lastKnownFileType = sourcecode.swift; path = ActualSearchAPI.swift; sourceTree = "<group>"; };
		CD67EF3E260E443F0089709E /* JSONValue.swift */ = {isa = PBXFileReference; fileEncoding = 4; lastKnownFileType = sourcecode.swift; path = JSONValue.swift; sourceTree = "<group>"; };
		CD67EF40260E443F0089709E /* Sound.swift */ = {isa = PBXFileReference; fileEncoding = 4; lastKnownFileType = sourcecode.swift; path = Sound.swift; sourceTree = "<group>"; };
		CD67EF41260E443F0089709E /* CodableHelper.swift */ = {isa = PBXFileReference; fileEncoding = 4; lastKnownFileType = sourcecode.swift; path = CodableHelper.swift; sourceTree = "<group>"; };
		CD67EF42260E443F0089709E /* Extensions.swift */ = {isa = PBXFileReference; fileEncoding = 4; lastKnownFileType = sourcecode.swift; path = Extensions.swift; sourceTree = "<group>"; };
		CD67EF43260E443F0089709E /* Configuration.swift */ = {isa = PBXFileReference; fileEncoding = 4; lastKnownFileType = sourcecode.swift; path = Configuration.swift; sourceTree = "<group>"; };
		CD67EF44260E443F0089709E /* APIs.swift */ = {isa = PBXFileReference; fileEncoding = 4; lastKnownFileType = sourcecode.swift; path = APIs.swift; sourceTree = "<group>"; };
		CD67EF45260E443F0089709E /* AlamofireImplementations.swift */ = {isa = PBXFileReference; fileEncoding = 4; lastKnownFileType = sourcecode.swift; path = AlamofireImplementations.swift; sourceTree = "<group>"; };
		CD67EF46260E443F0089709E /* JSONEncodableEncoding.swift */ = {isa = PBXFileReference; fileEncoding = 4; lastKnownFileType = sourcecode.swift; path = JSONEncodableEncoding.swift; sourceTree = "<group>"; };
		CD98918C2643093A00AFF747 /* SoundApi.swift */ = {isa = PBXFileReference; lastKnownFileType = sourcecode.swift; path = SoundApi.swift; sourceTree = "<group>"; };
		CD98918F2643094C00AFF747 /* SearchApi.swift */ = {isa = PBXFileReference; lastKnownFileType = sourcecode.swift; path = SearchApi.swift; sourceTree = "<group>"; };
		CD9C718E260E33F200444519 /* Homework_02.app */ = {isa = PBXFileReference; explicitFileType = wrapper.application; includeInIndex = 0; path = Homework_02.app; sourceTree = BUILT_PRODUCTS_DIR; };
		CD9C7191260E33F200444519 /* Homework_02App.swift */ = {isa = PBXFileReference; lastKnownFileType = sourcecode.swift; path = Homework_02App.swift; sourceTree = "<group>"; };
		CD9C7193260E33F200444519 /* RootView.swift */ = {isa = PBXFileReference; lastKnownFileType = sourcecode.swift; path = RootView.swift; sourceTree = "<group>"; };
		CD9C7195260E33F500444519 /* Assets.xcassets */ = {isa = PBXFileReference; lastKnownFileType = folder.assetcatalog; path = Assets.xcassets; sourceTree = "<group>"; };
		CD9C7198260E33F500444519 /* Preview Assets.xcassets */ = {isa = PBXFileReference; lastKnownFileType = folder.assetcatalog; path = "Preview Assets.xcassets"; sourceTree = "<group>"; };
		CD9C719A260E33F500444519 /* Info.plist */ = {isa = PBXFileReference; lastKnownFileType = text.plist.xml; path = Info.plist; sourceTree = "<group>"; };
		CDBF2C892643101C00CB4088 /* SoundPreviewRoutingSheet.swift */ = {isa = PBXFileReference; lastKnownFileType = sourcecode.swift; path = SoundPreviewRoutingSheet.swift; sourceTree = "<group>"; };
		CDBF2C912643168F00CB4088 /* SoundPreview.swift */ = {isa = PBXFileReference; lastKnownFileType = sourcecode.swift; path = SoundPreview.swift; sourceTree = "<group>"; };
		CDC7F2C0261208C1006D0B45 /* SoundListViewModel.swift */ = {isa = PBXFileReference; lastKnownFileType = sourcecode.swift; path = SoundListViewModel.swift; sourceTree = "<group>"; };
		CDC7F2C3261209B8006D0B45 /* SoundListView.swift */ = {isa = PBXFileReference; lastKnownFileType = sourcecode.swift; path = SoundListView.swift; sourceTree = "<group>"; };
		CDC7F2C726120AB7006D0B45 /* SoundListScreen.swift */ = {isa = PBXFileReference; lastKnownFileType = sourcecode.swift; path = SoundListScreen.swift; sourceTree = "<group>"; };
		CDC7F2D026120F43006D0B45 /* Entities.swift */ = {isa = PBXFileReference; lastKnownFileType = sourcecode.swift; path = Entities.swift; sourceTree = "<group>"; };
		CDC7F2DD26121D7F006D0B45 /* RandomAccessCollection.swift */ = {isa = PBXFileReference; lastKnownFileType = sourcecode.swift; path = RandomAccessCollection.swift; sourceTree = "<group>"; };
		CDC7F2E326126A81006D0B45 /* ActivityIndicatorView.swift */ = {isa = PBXFileReference; lastKnownFileType = sourcecode.swift; path = ActivityIndicatorView.swift; sourceTree = "<group>"; };
		CDC7F2E726126B2A006D0B45 /* SoundPreviewScreen.swift */ = {isa = PBXFileReference; lastKnownFileType = sourcecode.swift; path = SoundPreviewScreen.swift; sourceTree = "<group>"; };
		CDC7F2EA26126E79006D0B45 /* SoundPreviewViewModel.swift */ = {isa = PBXFileReference; lastKnownFileType = sourcecode.swift; path = SoundPreviewViewModel.swift; sourceTree = "<group>"; };
/* End PBXFileReference section */

/* Begin PBXFrameworksBuildPhase section */
		CD9C718B260E33F200444519 /* Frameworks */ = {
			isa = PBXFrameworksBuildPhase;
			buildActionMask = 2147483647;
			files = (
				CD67EF5D260E47AB0089709E /* Alamofire in Frameworks */,
			);
			runOnlyForDeploymentPostprocessing = 0;
		};
/* End PBXFrameworksBuildPhase section */

/* Begin PBXGroup section */
		CD248D9B2613BBE300108523 /* SoundPlayer */ = {
			isa = PBXGroup;
			children = (
				CD248D9C2613BBF600108523 /* SoundPlayerScreen.swift */,
			);
			path = SoundPlayer;
			sourceTree = "<group>";
		};
		CD42D056263C93FC002E3727 /* Services */ = {
			isa = PBXGroup;
			children = (
				CD42D058263C947E002E3727 /* DI */,
				CD42D057263C945D002E3727 /* Routing */,
				CD67EF2B260E43FB0089709E /* Network */,
			);
			path = Services;
			sourceTree = "<group>";
		};
		CD42D057263C945D002E3727 /* Routing */ = {
			isa = PBXGroup;
			children = (
				CD248D952613888300108523 /* NavigationRouter.swift */,
			);
			path = Routing;
			sourceTree = "<group>";
		};
		CD42D058263C947E002E3727 /* DI */ = {
			isa = PBXGroup;
			children = (
				CD42D05A263C94A8002E3727 /* ServicesLocator.swift */,
			);
			path = DI;
			sourceTree = "<group>";
		};
		CD67EF2B260E43FB0089709E /* Network */ = {
			isa = PBXGroup;
			children = (
				CD67EF2C260E43FB0089709E /* GeneratedApi */,
				CD98918C2643093A00AFF747 /* SoundApi.swift */,
				CD98918F2643094C00AFF747 /* SearchApi.swift */,
			);
			path = Network;
			sourceTree = "<group>";
		};
		CD67EF2C260E43FB0089709E /* GeneratedApi */ = {
			isa = PBXGroup;
			children = (
				CD67EF3B260E443F0089709E /* APIs */,
				CD67EF3F260E443F0089709E /* Models */,
				CD67EF45260E443F0089709E /* AlamofireImplementations.swift */,
				CD67EF39260E443F0089709E /* APIHelper.swift */,
				CD67EF44260E443F0089709E /* APIs.swift */,
				CD67EF41260E443F0089709E /* CodableHelper.swift */,
				CD67EF43260E443F0089709E /* Configuration.swift */,
				CD67EF42260E443F0089709E /* Extensions.swift */,
				CD67EF46260E443F0089709E /* JSONEncodableEncoding.swift */,
				CD67EF3A260E443F0089709E /* JSONEncodingHelper.swift */,
				CD67EF3E260E443F0089709E /* JSONValue.swift */,
				CD67EF38260E443F0089709E /* Models.swift */,
			);
			path = GeneratedApi;
			sourceTree = "<group>";
		};
		CD67EF3B260E443F0089709E /* APIs */ = {
			isa = PBXGroup;
			children = (
				CD67EF3C260E443F0089709E /* ActualSoundAPI.swift */,
				CD67EF3D260E443F0089709E /* ActualSearchAPI.swift */,
			);
			path = APIs;
			sourceTree = "<group>";
		};
		CD67EF3F260E443F0089709E /* Models */ = {
			isa = PBXGroup;
			children = (
				CD67EF40260E443F0089709E /* Sound.swift */,
			);
			path = Models;
			sourceTree = "<group>";
		};
		CD98919426430B5700AFF747 /* Resources */ = {
			isa = PBXGroup;
			children = (
				CD9C7195260E33F500444519 /* Assets.xcassets */,
			);
			path = Resources;
			sourceTree = "<group>";
		};
		CD98919526430B6B00AFF747 /* Entities */ = {
			isa = PBXGroup;
			children = (
				CDC7F2D026120F43006D0B45 /* Entities.swift */,
			);
			path = Entities;
			sourceTree = "<group>";
		};
		CD9C7185260E33F200444519 = {
			isa = PBXGroup;
			children = (
				CD9C7190260E33F200444519 /* Homework_02 */,
				CD9C718F260E33F200444519 /* Products */,
				CD9C71A7260E379200444519 /* Frameworks */,
			);
			sourceTree = "<group>";
		};
		CD9C718F260E33F200444519 /* Products */ = {
			isa = PBXGroup;
			children = (
				CD9C718E260E33F200444519 /* Homework_02.app */,
			);
			name = Products;
			sourceTree = "<group>";
		};
		CD9C7190260E33F200444519 /* Homework_02 */ = {
			isa = PBXGroup;
			children = (
				CD9C7191260E33F200444519 /* Homework_02App.swift */,
				CD9C7193260E33F200444519 /* RootView.swift */,
				CDC7F2BE26120890006D0B45 /* Features */,
				CD42D056263C93FC002E3727 /* Services */,
				CDC7F2DC26121D6B006D0B45 /* Toolkit */,
				CD98919526430B6B00AFF747 /* Entities */,
				CD98919426430B5700AFF747 /* Resources */,
				CD9C719A260E33F500444519 /* Info.plist */,
				CD9C7197260E33F500444519 /* Preview Content */,
			);
			path = Homework_02;
			sourceTree = "<group>";
		};
		CD9C7197260E33F500444519 /* Preview Content */ = {
			isa = PBXGroup;
			children = (
				CD9C7198260E33F500444519 /* Preview Assets.xcassets */,
			);
			path = "Preview Content";
			sourceTree = "<group>";
		};
		CD9C71A7260E379200444519 /* Frameworks */ = {
			isa = PBXGroup;
			children = (
			);
			name = Frameworks;
			sourceTree = "<group>";
		};
		CDBF2C8D264314BA00CB4088 /* Components */ = {
			isa = PBXGroup;
			children = (
				CDBF2C892643101C00CB4088 /* SoundPreviewRoutingSheet.swift */,
				CDBF2C912643168F00CB4088 /* SoundPreview.swift */,
			);
			path = Components;
			sourceTree = "<group>";
		};
		CDC7F2BE26120890006D0B45 /* Features */ = {
			isa = PBXGroup;
			children = (
				CDC7F2BF26120899006D0B45 /* SoundList */,
				CDC7F2E626126B0F006D0B45 /* SoundPreview */,
				CD248D9B2613BBE300108523 /* SoundPlayer */,
			);
			path = Features;
			sourceTree = "<group>";
		};
		CDC7F2BF26120899006D0B45 /* SoundList */ = {
			isa = PBXGroup;
			children = (
				CDC7F2C626120AA1006D0B45 /* Components */,
				CDC7F2C0261208C1006D0B45 /* SoundListViewModel.swift */,
				CDC7F2C726120AB7006D0B45 /* SoundListScreen.swift */,
			);
			path = SoundList;
			sourceTree = "<group>";
		};
		CDC7F2C626120AA1006D0B45 /* Components */ = {
			isa = PBXGroup;
			children = (
				CDC7F2C3261209B8006D0B45 /* SoundListView.swift */,
				CD248D8E26136E4200108523 /* GenrePickerView.swift */,
			);
			path = Components;
			sourceTree = "<group>";
		};
		CDC7F2DC26121D6B006D0B45 /* Toolkit */ = {
			isa = PBXGroup;
			children = (
				CDC7F2E226126A70006D0B45 /* UIComponents */,
				CDC7F2DD26121D7F006D0B45 /* RandomAccessCollection.swift */,
				CD42D05E263C9C5C002E3727 /* Exception.swift */,
			);
			name = Toolkit;
			sourceTree = "<group>";
		};
		CDC7F2E226126A70006D0B45 /* UIComponents */ = {
			isa = PBXGroup;
			children = (
				CDC7F2E326126A81006D0B45 /* ActivityIndicatorView.swift */,
			);
			name = UIComponents;
			sourceTree = "<group>";
		};
		CDC7F2E626126B0F006D0B45 /* SoundPreview */ = {
			isa = PBXGroup;
			children = (
				CDBF2C8D264314BA00CB4088 /* Components */,
				CDC7F2E726126B2A006D0B45 /* SoundPreviewScreen.swift */,
				CDC7F2EA26126E79006D0B45 /* SoundPreviewViewModel.swift */,
			);
			path = SoundPreview;
			sourceTree = "<group>";
		};
/* End PBXGroup section */

/* Begin PBXNativeTarget section */
		CD9C718D260E33F200444519 /* Homework_02 */ = {
			isa = PBXNativeTarget;
			buildConfigurationList = CD9C719D260E33F500444519 /* Build configuration list for PBXNativeTarget "Homework_02" */;
			buildPhases = (
				CD9C718A260E33F200444519 /* Sources */,
				CD9C718B260E33F200444519 /* Frameworks */,
				CD9C718C260E33F200444519 /* Resources */,
			);
			buildRules = (
			);
			dependencies = (
			);
			name = Homework_02;
			packageProductDependencies = (
				CD67EF5C260E47AB0089709E /* Alamofire */,
			);
			productName = Homework_02;
			productReference = CD9C718E260E33F200444519 /* Homework_02.app */;
			productType = "com.apple.product-type.application";
		};
/* End PBXNativeTarget section */

/* Begin PBXProject section */
		CD9C7186260E33F200444519 /* Project object */ = {
			isa = PBXProject;
			attributes = {
				LastSwiftUpdateCheck = 1240;
				LastUpgradeCheck = 1240;
				TargetAttributes = {
					CD9C718D260E33F200444519 = {
						CreatedOnToolsVersion = 12.4;
					};
				};
			};
			buildConfigurationList = CD9C7189260E33F200444519 /* Build configuration list for PBXProject "Homework_02" */;
			compatibilityVersion = "Xcode 9.3";
			developmentRegion = en;
			hasScannedForEncodings = 0;
			knownRegions = (
				en,
				Base,
			);
			mainGroup = CD9C7185260E33F200444519;
			packageReferences = (
				CD67EF5B260E47AB0089709E /* XCRemoteSwiftPackageReference "Alamofire" */,
			);
			productRefGroup = CD9C718F260E33F200444519 /* Products */;
			projectDirPath = "";
			projectRoot = "";
			targets = (
				CD9C718D260E33F200444519 /* Homework_02 */,
			);
		};
/* End PBXProject section */

/* Begin PBXResourcesBuildPhase section */
		CD9C718C260E33F200444519 /* Resources */ = {
			isa = PBXResourcesBuildPhase;
			buildActionMask = 2147483647;
			files = (
				CD9C7199260E33F500444519 /* Preview Assets.xcassets in Resources */,
				CD9C7196260E33F500444519 /* Assets.xcassets in Resources */,
			);
			runOnlyForDeploymentPostprocessing = 0;
		};
/* End PBXResourcesBuildPhase section */

/* Begin PBXSourcesBuildPhase section */
		CD9C718A260E33F200444519 /* Sources */ = {
			isa = PBXSourcesBuildPhase;
			buildActionMask = 2147483647;
			files = (
				CD42D05B263C94A8002E3727 /* ServicesLocator.swift in Sources */,
				CDC7F2C1261208C1006D0B45 /* SoundListViewModel.swift in Sources */,
				CD67EF53260E443F0089709E /* JSONEncodableEncoding.swift in Sources */,
				CD67EF48260E443F0089709E /* APIHelper.swift in Sources */,
				CD67EF4C260E443F0089709E /* JSONValue.swift in Sources */,
				CD67EF4B260E443F0089709E /* ActualSearchAPI.swift in Sources */,
				CD67EF47260E443F0089709E /* Models.swift in Sources */,
				CDBF2C8A2643101C00CB4088 /* SoundPreviewRoutingSheet.swift in Sources */,
				CDC7F2E826126B2A006D0B45 /* SoundPreviewScreen.swift in Sources */,
				CD9C7194260E33F200444519 /* RootView.swift in Sources */,
				CDC7F2C4261209B8006D0B45 /* SoundListView.swift in Sources */,
				CD9891902643094C00AFF747 /* SearchApi.swift in Sources */,
				CDC7F2DE26121D7F006D0B45 /* RandomAccessCollection.swift in Sources */,
				CD248D962613888300108523 /* NavigationRouter.swift in Sources */,
				CDC7F2C826120AB7006D0B45 /* SoundListScreen.swift in Sources */,
				CD42D05F263C9C5C002E3727 /* Exception.swift in Sources */,
				CD248D9D2613BBF600108523 /* SoundPlayerScreen.swift in Sources */,
				CD67EF49260E443F0089709E /* JSONEncodingHelper.swift in Sources */,
				CD67EF50260E443F0089709E /* Configuration.swift in Sources */,
				CD67EF4A260E443F0089709E /* ActualSoundAPI.swift in Sources */,
				CD248D8F26136E4200108523 /* GenrePickerView.swift in Sources */,
				CD67EF52260E443F0089709E /* AlamofireImplementations.swift in Sources */,
				CDC7F2EB26126E79006D0B45 /* SoundPreviewViewModel.swift in Sources */,
				CD67EF4D260E443F0089709E /* Sound.swift in Sources */,
				CDBF2C922643168F00CB4088 /* SoundPreview.swift in Sources */,
				CD67EF4E260E443F0089709E /* CodableHelper.swift in Sources */,
				CDC7F2E426126A81006D0B45 /* ActivityIndicatorView.swift in Sources */,
				CD98918D2643093A00AFF747 /* SoundApi.swift in Sources */,
				CD67EF4F260E443F0089709E /* Extensions.swift in Sources */,
				CDC7F2D6261214C8006D0B45 /* Entities.swift in Sources */,
				CD9C7192260E33F200444519 /* Homework_02App.swift in Sources */,
				CD67EF51260E443F0089709E /* APIs.swift in Sources */,
			);
			runOnlyForDeploymentPostprocessing = 0;
		};
/* End PBXSourcesBuildPhase section */

/* Begin XCBuildConfiguration section */
		CD9C719B260E33F500444519 /* Debug */ = {
			isa = XCBuildConfiguration;
			buildSettings = {
				ALWAYS_SEARCH_USER_PATHS = NO;
				CLANG_ANALYZER_NONNULL = YES;
				CLANG_ANALYZER_NUMBER_OBJECT_CONVERSION = YES_AGGRESSIVE;
				CLANG_CXX_LANGUAGE_STANDARD = "gnu++14";
				CLANG_CXX_LIBRARY = "libc++";
				CLANG_ENABLE_MODULES = YES;
				CLANG_ENABLE_OBJC_ARC = YES;
				CLANG_ENABLE_OBJC_WEAK = YES;
				CLANG_WARN_BLOCK_CAPTURE_AUTORELEASING = YES;
				CLANG_WARN_BOOL_CONVERSION = YES;
				CLANG_WARN_COMMA = YES;
				CLANG_WARN_CONSTANT_CONVERSION = YES;
				CLANG_WARN_DEPRECATED_OBJC_IMPLEMENTATIONS = YES;
				CLANG_WARN_DIRECT_OBJC_ISA_USAGE = YES_ERROR;
				CLANG_WARN_DOCUMENTATION_COMMENTS = YES;
				CLANG_WARN_EMPTY_BODY = YES;
				CLANG_WARN_ENUM_CONVERSION = YES;
				CLANG_WARN_INFINITE_RECURSION = YES;
				CLANG_WARN_INT_CONVERSION = YES;
				CLANG_WARN_NON_LITERAL_NULL_CONVERSION = YES;
				CLANG_WARN_OBJC_IMPLICIT_RETAIN_SELF = YES;
				CLANG_WARN_OBJC_LITERAL_CONVERSION = YES;
				CLANG_WARN_OBJC_ROOT_CLASS = YES_ERROR;
				CLANG_WARN_QUOTED_INCLUDE_IN_FRAMEWORK_HEADER = YES;
				CLANG_WARN_RANGE_LOOP_ANALYSIS = YES;
				CLANG_WARN_STRICT_PROTOTYPES = YES;
				CLANG_WARN_SUSPICIOUS_MOVE = YES;
				CLANG_WARN_UNGUARDED_AVAILABILITY = YES_AGGRESSIVE;
				CLANG_WARN_UNREACHABLE_CODE = YES;
				CLANG_WARN__DUPLICATE_METHOD_MATCH = YES;
				COPY_PHASE_STRIP = NO;
				DEBUG_INFORMATION_FORMAT = dwarf;
				ENABLE_STRICT_OBJC_MSGSEND = YES;
				ENABLE_TESTABILITY = YES;
				GCC_C_LANGUAGE_STANDARD = gnu11;
				GCC_DYNAMIC_NO_PIC = NO;
				GCC_NO_COMMON_BLOCKS = YES;
				GCC_OPTIMIZATION_LEVEL = 0;
				GCC_PREPROCESSOR_DEFINITIONS = (
					"DEBUG=1",
					"$(inherited)",
				);
				GCC_WARN_64_TO_32_BIT_CONVERSION = YES;
				GCC_WARN_ABOUT_RETURN_TYPE = YES_ERROR;
				GCC_WARN_UNDECLARED_SELECTOR = YES;
				GCC_WARN_UNINITIALIZED_AUTOS = YES_AGGRESSIVE;
				GCC_WARN_UNUSED_FUNCTION = YES;
				GCC_WARN_UNUSED_VARIABLE = YES;
				IPHONEOS_DEPLOYMENT_TARGET = 14.4;
				MTL_ENABLE_DEBUG_INFO = INCLUDE_SOURCE;
				MTL_FAST_MATH = YES;
				ONLY_ACTIVE_ARCH = YES;
				SDKROOT = iphoneos;
				SWIFT_ACTIVE_COMPILATION_CONDITIONS = DEBUG;
				SWIFT_OPTIMIZATION_LEVEL = "-Onone";
			};
			name = Debug;
		};
		CD9C719C260E33F500444519 /* Release */ = {
			isa = XCBuildConfiguration;
			buildSettings = {
				ALWAYS_SEARCH_USER_PATHS = NO;
				CLANG_ANALYZER_NONNULL = YES;
				CLANG_ANALYZER_NUMBER_OBJECT_CONVERSION = YES_AGGRESSIVE;
				CLANG_CXX_LANGUAGE_STANDARD = "gnu++14";
				CLANG_CXX_LIBRARY = "libc++";
				CLANG_ENABLE_MODULES = YES;
				CLANG_ENABLE_OBJC_ARC = YES;
				CLANG_ENABLE_OBJC_WEAK = YES;
				CLANG_WARN_BLOCK_CAPTURE_AUTORELEASING = YES;
				CLANG_WARN_BOOL_CONVERSION = YES;
				CLANG_WARN_COMMA = YES;
				CLANG_WARN_CONSTANT_CONVERSION = YES;
				CLANG_WARN_DEPRECATED_OBJC_IMPLEMENTATIONS = YES;
				CLANG_WARN_DIRECT_OBJC_ISA_USAGE = YES_ERROR;
				CLANG_WARN_DOCUMENTATION_COMMENTS = YES;
				CLANG_WARN_EMPTY_BODY = YES;
				CLANG_WARN_ENUM_CONVERSION = YES;
				CLANG_WARN_INFINITE_RECURSION = YES;
				CLANG_WARN_INT_CONVERSION = YES;
				CLANG_WARN_NON_LITERAL_NULL_CONVERSION = YES;
				CLANG_WARN_OBJC_IMPLICIT_RETAIN_SELF = YES;
				CLANG_WARN_OBJC_LITERAL_CONVERSION = YES;
				CLANG_WARN_OBJC_ROOT_CLASS = YES_ERROR;
				CLANG_WARN_QUOTED_INCLUDE_IN_FRAMEWORK_HEADER = YES;
				CLANG_WARN_RANGE_LOOP_ANALYSIS = YES;
				CLANG_WARN_STRICT_PROTOTYPES = YES;
				CLANG_WARN_SUSPICIOUS_MOVE = YES;
				CLANG_WARN_UNGUARDED_AVAILABILITY = YES_AGGRESSIVE;
				CLANG_WARN_UNREACHABLE_CODE = YES;
				CLANG_WARN__DUPLICATE_METHOD_MATCH = YES;
				COPY_PHASE_STRIP = NO;
				DEBUG_INFORMATION_FORMAT = "dwarf-with-dsym";
				ENABLE_NS_ASSERTIONS = NO;
				ENABLE_STRICT_OBJC_MSGSEND = YES;
				GCC_C_LANGUAGE_STANDARD = gnu11;
				GCC_NO_COMMON_BLOCKS = YES;
				GCC_WARN_64_TO_32_BIT_CONVERSION = YES;
				GCC_WARN_ABOUT_RETURN_TYPE = YES_ERROR;
				GCC_WARN_UNDECLARED_SELECTOR = YES;
				GCC_WARN_UNINITIALIZED_AUTOS = YES_AGGRESSIVE;
				GCC_WARN_UNUSED_FUNCTION = YES;
				GCC_WARN_UNUSED_VARIABLE = YES;
				IPHONEOS_DEPLOYMENT_TARGET = 14.4;
				MTL_ENABLE_DEBUG_INFO = NO;
				MTL_FAST_MATH = YES;
				SDKROOT = iphoneos;
				SWIFT_COMPILATION_MODE = wholemodule;
				SWIFT_OPTIMIZATION_LEVEL = "-O";
				VALIDATE_PRODUCT = YES;
			};
			name = Release;
		};
		CD9C719E260E33F500444519 /* Debug */ = {
			isa = XCBuildConfiguration;
			buildSettings = {
				ASSETCATALOG_COMPILER_APPICON_NAME = AppIcon;
				ASSETCATALOG_COMPILER_GLOBAL_ACCENT_COLOR_NAME = AccentColor;
				CODE_SIGN_STYLE = Automatic;
				DEVELOPMENT_ASSET_PATHS = "\"Homework_02/Preview Content\"";
				DEVELOPMENT_TEAM = KXSN68HT9L;
				ENABLE_PREVIEWS = YES;
				INFOPLIST_FILE = Homework_02/Info.plist;
				IPHONEOS_DEPLOYMENT_TARGET = 14.1;
				LD_RUNPATH_SEARCH_PATHS = (
					"$(inherited)",
					"@executable_path/Frameworks",
				);
				PRODUCT_BUNDLE_IDENTIFIER = "yozi.ent.Homework-02";
				PRODUCT_NAME = "$(TARGET_NAME)";
				SWIFT_VERSION = 5.0;
				TARGETED_DEVICE_FAMILY = "1,2";
			};
			name = Debug;
		};
		CD9C719F260E33F500444519 /* Release */ = {
			isa = XCBuildConfiguration;
			buildSettings = {
				ASSETCATALOG_COMPILER_APPICON_NAME = AppIcon;
				ASSETCATALOG_COMPILER_GLOBAL_ACCENT_COLOR_NAME = AccentColor;
				CODE_SIGN_STYLE = Automatic;
				DEVELOPMENT_ASSET_PATHS = "\"Homework_02/Preview Content\"";
				DEVELOPMENT_TEAM = KXSN68HT9L;
				ENABLE_PREVIEWS = YES;
				INFOPLIST_FILE = Homework_02/Info.plist;
				IPHONEOS_DEPLOYMENT_TARGET = 14.1;
				LD_RUNPATH_SEARCH_PATHS = (
					"$(inherited)",
					"@executable_path/Frameworks",
				);
				PRODUCT_BUNDLE_IDENTIFIER = "yozi.ent.Homework-02";
				PRODUCT_NAME = "$(TARGET_NAME)";
				SWIFT_VERSION = 5.0;
				TARGETED_DEVICE_FAMILY = "1,2";
			};
			name = Release;
		};
/* End XCBuildConfiguration section */

/* Begin XCConfigurationList section */
		CD9C7189260E33F200444519 /* Build configuration list for PBXProject "Homework_02" */ = {
			isa = XCConfigurationList;
			buildConfigurations = (
				CD9C719B260E33F500444519 /* Debug */,
				CD9C719C260E33F500444519 /* Release */,
			);
			defaultConfigurationIsVisible = 0;
			defaultConfigurationName = Release;
		};
		CD9C719D260E33F500444519 /* Build configuration list for PBXNativeTarget "Homework_02" */ = {
			isa = XCConfigurationList;
			buildConfigurations = (
				CD9C719E260E33F500444519 /* Debug */,
				CD9C719F260E33F500444519 /* Release */,
			);
			defaultConfigurationIsVisible = 0;
			defaultConfigurationName = Release;
		};
/* End XCConfigurationList section */

/* Begin XCRemoteSwiftPackageReference section */
		CD67EF5B260E47AB0089709E /* XCRemoteSwiftPackageReference "Alamofire" */ = {
			isa = XCRemoteSwiftPackageReference;
			repositoryURL = "https://github.com/Alamofire/Alamofire/";
			requirement = {
				kind = exactVersion;
				version = 4.8.2;
			};
		};
/* End XCRemoteSwiftPackageReference section */

/* Begin XCSwiftPackageProductDependency section */
		CD67EF5C260E47AB0089709E /* Alamofire */ = {
			isa = XCSwiftPackageProductDependency;
			package = CD67EF5B260E47AB0089709E /* XCRemoteSwiftPackageReference "Alamofire" */;
			productName = Alamofire;
		};
/* End XCSwiftPackageProductDependency section */
	};
	rootObject = CD9C7186260E33F200444519 /* Project object */;
}
